// !$*UTF8*$!
{
	archiveVersion = 1;
	classes = {
	};
	objectVersion = 50;
	objects = {

/* Begin PBXBuildFile section */
		290DBA5525F4A36600BD009A /* Rational.swift in Sources */ = {isa = PBXBuildFile; fileRef = 290DBA5425F4A36600BD009A /* Rational.swift */; };
		290DBA5925F4A68A00BD009A /* TestRational.swift in Sources */ = {isa = PBXBuildFile; fileRef = 290DBA5825F4A68A00BD009A /* TestRational.swift */; };
		290DBA5C25F4A69D00BD009A /* Rational.swift in Sources */ = {isa = PBXBuildFile; fileRef = 290DBA5425F4A36600BD009A /* Rational.swift */; };
		29198BDC25F131B500990FF4 /* Checker.swift in Sources */ = {isa = PBXBuildFile; fileRef = 29198BDB25F131B500990FF4 /* Checker.swift */; };
		291CEA2325F5EEA0002FD367 /* Imaginary.swift in Sources */ = {isa = PBXBuildFile; fileRef = 291CEA2225F5EEA0002FD367 /* Imaginary.swift */; };
		291CEA2725F5F313002FD367 /* TestsImaginary.swift in Sources */ = {isa = PBXBuildFile; fileRef = 291CEA2625F5F313002FD367 /* TestsImaginary.swift */; };
		291CEA2A25F5F35C002FD367 /* Imaginary.swift in Sources */ = {isa = PBXBuildFile; fileRef = 291CEA2225F5EEA0002FD367 /* Imaginary.swift */; };
		291D97B125F0B928006E1B8D /* main.swift in Sources */ = {isa = PBXBuildFile; fileRef = 291D97B025F0B928006E1B8D /* main.swift */; };
		291D97B925F10107006E1B8D /* Computer.swift in Sources */ = {isa = PBXBuildFile; fileRef = 291D97B825F10107006E1B8D /* Computer.swift */; };
		2971869A25F9F9660020E2DD /* Matrix.swift in Sources */ = {isa = PBXBuildFile; fileRef = 2971869925F9F9660020E2DD /* Matrix.swift */; };
		2971869E25FA06950020E2DD /* TestsChecker.swift in Sources */ = {isa = PBXBuildFile; fileRef = 2971869D25FA06950020E2DD /* TestsChecker.swift */; };
		29A2022D25F2980D0071FA45 /* TestsComputerV2.swift in Sources */ = {isa = PBXBuildFile; fileRef = 29A2022C25F2980D0071FA45 /* TestsComputerV2.swift */; };
		29A2023425F298580071FA45 /* Computer.swift in Sources */ = {isa = PBXBuildFile; fileRef = 291D97B825F10107006E1B8D /* Computer.swift */; };
		29A2023525F298580071FA45 /* Checker.swift in Sources */ = {isa = PBXBuildFile; fileRef = 29198BDB25F131B500990FF4 /* Checker.swift */; };
/* End PBXBuildFile section */

/* Begin PBXCopyFilesBuildPhase section */
		291D97AB25F0B928006E1B8D /* CopyFiles */ = {
			isa = PBXCopyFilesBuildPhase;
			buildActionMask = 2147483647;
			dstPath = /usr/share/man/man1/;
			dstSubfolderSpec = 0;
			files = (
			);
			runOnlyForDeploymentPostprocessing = 1;
		};
/* End PBXCopyFilesBuildPhase section */

/* Begin PBXFileReference section */
		290DBA5425F4A36600BD009A /* Rational.swift */ = {isa = PBXFileReference; lastKnownFileType = sourcecode.swift; path = Rational.swift; sourceTree = "<group>"; };
		290DBA5825F4A68A00BD009A /* TestRational.swift */ = {isa = PBXFileReference; lastKnownFileType = sourcecode.swift; path = TestRational.swift; sourceTree = "<group>"; };
		29198BDB25F131B500990FF4 /* Checker.swift */ = {isa = PBXFileReference; lastKnownFileType = sourcecode.swift; path = Checker.swift; sourceTree = "<group>"; };
		291CEA2225F5EEA0002FD367 /* Imaginary.swift */ = {isa = PBXFileReference; lastKnownFileType = sourcecode.swift; path = Imaginary.swift; sourceTree = "<group>"; };
		291CEA2625F5F313002FD367 /* TestsImaginary.swift */ = {isa = PBXFileReference; lastKnownFileType = sourcecode.swift; path = TestsImaginary.swift; sourceTree = "<group>"; };
		291D97AD25F0B928006E1B8D /* ComputerV2 */ = {isa = PBXFileReference; explicitFileType = "compiled.mach-o.executable"; includeInIndex = 0; path = ComputerV2; sourceTree = BUILT_PRODUCTS_DIR; };
		291D97B025F0B928006E1B8D /* main.swift */ = {isa = PBXFileReference; lastKnownFileType = sourcecode.swift; path = main.swift; sourceTree = "<group>"; };
		291D97B825F10107006E1B8D /* Computer.swift */ = {isa = PBXFileReference; lastKnownFileType = sourcecode.swift; path = Computer.swift; sourceTree = "<group>"; };
		2971869925F9F9660020E2DD /* Matrix.swift */ = {isa = PBXFileReference; lastKnownFileType = sourcecode.swift; path = Matrix.swift; sourceTree = "<group>"; };
		2971869D25FA06950020E2DD /* TestsChecker.swift */ = {isa = PBXFileReference; lastKnownFileType = sourcecode.swift; path = TestsChecker.swift; sourceTree = "<group>"; };
		29A2022A25F2980D0071FA45 /* TestsComputerV2.xctest */ = {isa = PBXFileReference; explicitFileType = wrapper.cfbundle; includeInIndex = 0; path = TestsComputerV2.xctest; sourceTree = BUILT_PRODUCTS_DIR; };
		29A2022C25F2980D0071FA45 /* TestsComputerV2.swift */ = {isa = PBXFileReference; lastKnownFileType = sourcecode.swift; path = TestsComputerV2.swift; sourceTree = "<group>"; };
		29A2022E25F2980D0071FA45 /* Info.plist */ = {isa = PBXFileReference; lastKnownFileType = text.plist.xml; path = Info.plist; sourceTree = "<group>"; };
/* End PBXFileReference section */

/* Begin PBXFrameworksBuildPhase section */
		291D97AA25F0B928006E1B8D /* Frameworks */ = {
			isa = PBXFrameworksBuildPhase;
			buildActionMask = 2147483647;
			files = (
			);
			runOnlyForDeploymentPostprocessing = 0;
		};
		29A2022725F2980D0071FA45 /* Frameworks */ = {
			isa = PBXFrameworksBuildPhase;
			buildActionMask = 2147483647;
			files = (
			);
			runOnlyForDeploymentPostprocessing = 0;
		};
/* End PBXFrameworksBuildPhase section */

/* Begin PBXGroup section */
		291D97A425F0B928006E1B8D = {
			isa = PBXGroup;
			children = (
				291D97AF25F0B928006E1B8D /* ComputerV2 */,
				29A2022B25F2980D0071FA45 /* TestsComputerV2 */,
				291D97AE25F0B928006E1B8D /* Products */,
			);
			sourceTree = "<group>";
		};
		291D97AE25F0B928006E1B8D /* Products */ = {
			isa = PBXGroup;
			children = (
				291D97AD25F0B928006E1B8D /* ComputerV2 */,
				29A2022A25F2980D0071FA45 /* TestsComputerV2.xctest */,
			);
			name = Products;
			sourceTree = "<group>";
		};
		291D97AF25F0B928006E1B8D /* ComputerV2 */ = {
			isa = PBXGroup;
			children = (
				291D97B025F0B928006E1B8D /* main.swift */,
				291D97B825F10107006E1B8D /* Computer.swift */,
				29198BDB25F131B500990FF4 /* Checker.swift */,
				290DBA5425F4A36600BD009A /* Rational.swift */,
				291CEA2225F5EEA0002FD367 /* Imaginary.swift */,
				2971869925F9F9660020E2DD /* Matrix.swift */,
			);
			path = ComputerV2;
			sourceTree = "<group>";
		};
		29A2022B25F2980D0071FA45 /* TestsComputerV2 */ = {
			isa = PBXGroup;
			children = (
				29A2022C25F2980D0071FA45 /* TestsComputerV2.swift */,
				29A2022E25F2980D0071FA45 /* Info.plist */,
				290DBA5825F4A68A00BD009A /* TestRational.swift */,
				291CEA2625F5F313002FD367 /* TestsImaginary.swift */,
				2971869D25FA06950020E2DD /* TestsChecker.swift */,
			);
			path = TestsComputerV2;
			sourceTree = "<group>";
		};
/* End PBXGroup section */

/* Begin PBXNativeTarget section */
		291D97AC25F0B928006E1B8D /* ComputerV2 */ = {
			isa = PBXNativeTarget;
			buildConfigurationList = 291D97B425F0B928006E1B8D /* Build configuration list for PBXNativeTarget "ComputerV2" */;
			buildPhases = (
				291D97A925F0B928006E1B8D /* Sources */,
				291D97AA25F0B928006E1B8D /* Frameworks */,
				291D97AB25F0B928006E1B8D /* CopyFiles */,
			);
			buildRules = (
			);
			dependencies = (
			);
			name = ComputerV2;
			productName = ComputerV2;
			productReference = 291D97AD25F0B928006E1B8D /* ComputerV2 */;
			productType = "com.apple.product-type.tool";
		};
		29A2022925F2980D0071FA45 /* TestsComputerV2 */ = {
			isa = PBXNativeTarget;
			buildConfigurationList = 29A2022F25F2980D0071FA45 /* Build configuration list for PBXNativeTarget "TestsComputerV2" */;
			buildPhases = (
				29A2022625F2980D0071FA45 /* Sources */,
				29A2022725F2980D0071FA45 /* Frameworks */,
				29A2022825F2980D0071FA45 /* Resources */,
			);
			buildRules = (
			);
			dependencies = (
			);
			name = TestsComputerV2;
			productName = TestsComputerV2;
			productReference = 29A2022A25F2980D0071FA45 /* TestsComputerV2.xctest */;
			productType = "com.apple.product-type.bundle.unit-test";
		};
/* End PBXNativeTarget section */

/* Begin PBXProject section */
		291D97A525F0B928006E1B8D /* Project object */ = {
			isa = PBXProject;
			attributes = {
				LastSwiftUpdateCheck = 1240;
				LastUpgradeCheck = 1240;
				TargetAttributes = {
					291D97AC25F0B928006E1B8D = {
						CreatedOnToolsVersion = 12.4;
					};
					29A2022925F2980D0071FA45 = {
						CreatedOnToolsVersion = 12.4;
					};
				};
			};
			buildConfigurationList = 291D97A825F0B928006E1B8D /* Build configuration list for PBXProject "ComputerV2" */;
			compatibilityVersion = "Xcode 9.3";
			developmentRegion = en;
			hasScannedForEncodings = 0;
			knownRegions = (
				en,
				Base,
			);
			mainGroup = 291D97A425F0B928006E1B8D;
			productRefGroup = 291D97AE25F0B928006E1B8D /* Products */;
			projectDirPath = "";
			projectRoot = "";
			targets = (
				291D97AC25F0B928006E1B8D /* ComputerV2 */,
				29A2022925F2980D0071FA45 /* TestsComputerV2 */,
			);
		};
/* End PBXProject section */

/* Begin PBXResourcesBuildPhase section */
		29A2022825F2980D0071FA45 /* Resources */ = {
			isa = PBXResourcesBuildPhase;
			buildActionMask = 2147483647;
			files = (
			);
			runOnlyForDeploymentPostprocessing = 0;
		};
/* End PBXResourcesBuildPhase section */

/* Begin PBXSourcesBuildPhase section */
		291D97A925F0B928006E1B8D /* Sources */ = {
			isa = PBXSourcesBuildPhase;
			buildActionMask = 2147483647;
			files = (
				291CEA2325F5EEA0002FD367 /* Imaginary.swift in Sources */,
				291D97B925F10107006E1B8D /* Computer.swift in Sources */,
				2971869A25F9F9660020E2DD /* Matrix.swift in Sources */,
				29198BDC25F131B500990FF4 /* Checker.swift in Sources */,
				291D97B125F0B928006E1B8D /* main.swift in Sources */,
				290DBA5525F4A36600BD009A /* Rational.swift in Sources */,
			);
			runOnlyForDeploymentPostprocessing = 0;
		};
		29A2022625F2980D0071FA45 /* Sources */ = {
			isa = PBXSourcesBuildPhase;
			buildActionMask = 2147483647;
			files = (
				291CEA2A25F5F35C002FD367 /* Imaginary.swift in Sources */,
				290DBA5C25F4A69D00BD009A /* Rational.swift in Sources */,
				29A2023425F298580071FA45 /* Computer.swift in Sources */,
				29A2023525F298580071FA45 /* Checker.swift in Sources */,
				29A2022D25F2980D0071FA45 /* TestsComputerV2.swift in Sources */,
				2971869E25FA06950020E2DD /* TestsChecker.swift in Sources */,
				290DBA5925F4A68A00BD009A /* TestRational.swift in Sources */,
				291CEA2725F5F313002FD367 /* TestsImaginary.swift in Sources */,
			);
			runOnlyForDeploymentPostprocessing = 0;
		};
/* End PBXSourcesBuildPhase section */

/* Begin XCBuildConfiguration section */
		291D97B225F0B928006E1B8D /* Debug */ = {
			isa = XCBuildConfiguration;
			buildSettings = {
				ALWAYS_SEARCH_USER_PATHS = NO;
				CLANG_ANALYZER_NONNULL = YES;
				CLANG_ANALYZER_NUMBER_OBJECT_CONVERSION = YES_AGGRESSIVE;
				CLANG_CXX_LANGUAGE_STANDARD = "gnu++14";
				CLANG_CXX_LIBRARY = "libc++";
				CLANG_ENABLE_MODULES = YES;
				CLANG_ENABLE_OBJC_ARC = YES;
				CLANG_ENABLE_OBJC_WEAK = YES;
				CLANG_WARN_BLOCK_CAPTURE_AUTORELEASING = YES;
				CLANG_WARN_BOOL_CONVERSION = YES;
				CLANG_WARN_COMMA = YES;
				CLANG_WARN_CONSTANT_CONVERSION = YES;
				CLANG_WARN_DEPRECATED_OBJC_IMPLEMENTATIONS = YES;
				CLANG_WARN_DIRECT_OBJC_ISA_USAGE = YES_ERROR;
				CLANG_WARN_DOCUMENTATION_COMMENTS = YES;
				CLANG_WARN_EMPTY_BODY = YES;
				CLANG_WARN_ENUM_CONVERSION = YES;
				CLANG_WARN_INFINITE_RECURSION = YES;
				CLANG_WARN_INT_CONVERSION = YES;
				CLANG_WARN_NON_LITERAL_NULL_CONVERSION = YES;
				CLANG_WARN_OBJC_IMPLICIT_RETAIN_SELF = YES;
				CLANG_WARN_OBJC_LITERAL_CONVERSION = YES;
				CLANG_WARN_OBJC_ROOT_CLASS = YES_ERROR;
				CLANG_WARN_QUOTED_INCLUDE_IN_FRAMEWORK_HEADER = YES;
				CLANG_WARN_RANGE_LOOP_ANALYSIS = YES;
				CLANG_WARN_STRICT_PROTOTYPES = YES;
				CLANG_WARN_SUSPICIOUS_MOVE = YES;
				CLANG_WARN_UNGUARDED_AVAILABILITY = YES_AGGRESSIVE;
				CLANG_WARN_UNREACHABLE_CODE = YES;
				CLANG_WARN__DUPLICATE_METHOD_MATCH = YES;
				COPY_PHASE_STRIP = NO;
				DEBUG_INFORMATION_FORMAT = dwarf;
				ENABLE_STRICT_OBJC_MSGSEND = YES;
				ENABLE_TESTABILITY = YES;
				GCC_C_LANGUAGE_STANDARD = gnu11;
				GCC_DYNAMIC_NO_PIC = NO;
				GCC_NO_COMMON_BLOCKS = YES;
				GCC_OPTIMIZATION_LEVEL = 0;
				GCC_PREPROCESSOR_DEFINITIONS = (
					"DEBUG=1",
					"$(inherited)",
				);
				GCC_WARN_64_TO_32_BIT_CONVERSION = YES;
				GCC_WARN_ABOUT_RETURN_TYPE = YES_ERROR;
				GCC_WARN_UNDECLARED_SELECTOR = YES;
				GCC_WARN_UNINITIALIZED_AUTOS = YES_AGGRESSIVE;
				GCC_WARN_UNUSED_FUNCTION = YES;
				GCC_WARN_UNUSED_VARIABLE = YES;
				MACOSX_DEPLOYMENT_TARGET = 11.1;
				MTL_ENABLE_DEBUG_INFO = INCLUDE_SOURCE;
				MTL_FAST_MATH = YES;
				ONLY_ACTIVE_ARCH = YES;
				SDKROOT = macosx;
				SWIFT_ACTIVE_COMPILATION_CONDITIONS = DEBUG;
				SWIFT_OPTIMIZATION_LEVEL = "-Onone";
			};
			name = Debug;
		};
		291D97B325F0B928006E1B8D /* Release */ = {
			isa = XCBuildConfiguration;
			buildSettings = {
				ALWAYS_SEARCH_USER_PATHS = NO;
				CLANG_ANALYZER_NONNULL = YES;
				CLANG_ANALYZER_NUMBER_OBJECT_CONVERSION = YES_AGGRESSIVE;
				CLANG_CXX_LANGUAGE_STANDARD = "gnu++14";
				CLANG_CXX_LIBRARY = "libc++";
				CLANG_ENABLE_MODULES = YES;
				CLANG_ENABLE_OBJC_ARC = YES;
				CLANG_ENABLE_OBJC_WEAK = YES;
				CLANG_WARN_BLOCK_CAPTURE_AUTORELEASING = YES;
				CLANG_WARN_BOOL_CONVERSION = YES;
				CLANG_WARN_COMMA = YES;
				CLANG_WARN_CONSTANT_CONVERSION = YES;
				CLANG_WARN_DEPRECATED_OBJC_IMPLEMENTATIONS = YES;
				CLANG_WARN_DIRECT_OBJC_ISA_USAGE = YES_ERROR;
				CLANG_WARN_DOCUMENTATION_COMMENTS = YES;
				CLANG_WARN_EMPTY_BODY = YES;
				CLANG_WARN_ENUM_CONVERSION = YES;
				CLANG_WARN_INFINITE_RECURSION = YES;
				CLANG_WARN_INT_CONVERSION = YES;
				CLANG_WARN_NON_LITERAL_NULL_CONVERSION = YES;
				CLANG_WARN_OBJC_IMPLICIT_RETAIN_SELF = YES;
				CLANG_WARN_OBJC_LITERAL_CONVERSION = YES;
				CLANG_WARN_OBJC_ROOT_CLASS = YES_ERROR;
				CLANG_WARN_QUOTED_INCLUDE_IN_FRAMEWORK_HEADER = YES;
				CLANG_WARN_RANGE_LOOP_ANALYSIS = YES;
				CLANG_WARN_STRICT_PROTOTYPES = YES;
				CLANG_WARN_SUSPICIOUS_MOVE = YES;
				CLANG_WARN_UNGUARDED_AVAILABILITY = YES_AGGRESSIVE;
				CLANG_WARN_UNREACHABLE_CODE = YES;
				CLANG_WARN__DUPLICATE_METHOD_MATCH = YES;
				COPY_PHASE_STRIP = NO;
				DEBUG_INFORMATION_FORMAT = "dwarf-with-dsym";
				ENABLE_NS_ASSERTIONS = NO;
				ENABLE_STRICT_OBJC_MSGSEND = YES;
				GCC_C_LANGUAGE_STANDARD = gnu11;
				GCC_NO_COMMON_BLOCKS = YES;
				GCC_WARN_64_TO_32_BIT_CONVERSION = YES;
				GCC_WARN_ABOUT_RETURN_TYPE = YES_ERROR;
				GCC_WARN_UNDECLARED_SELECTOR = YES;
				GCC_WARN_UNINITIALIZED_AUTOS = YES_AGGRESSIVE;
				GCC_WARN_UNUSED_FUNCTION = YES;
				GCC_WARN_UNUSED_VARIABLE = YES;
				MACOSX_DEPLOYMENT_TARGET = 11.1;
				MTL_ENABLE_DEBUG_INFO = NO;
				MTL_FAST_MATH = YES;
				SDKROOT = macosx;
				SWIFT_COMPILATION_MODE = wholemodule;
				SWIFT_OPTIMIZATION_LEVEL = "-O";
			};
			name = Release;
		};
		291D97B525F0B928006E1B8D /* Debug */ = {
			isa = XCBuildConfiguration;
			buildSettings = {
				CODE_SIGN_STYLE = Automatic;
				DEVELOPMENT_TEAM = 7SNPDG93FF;
				ENABLE_HARDENED_RUNTIME = YES;
				PRODUCT_NAME = "$(TARGET_NAME)";
				SWIFT_VERSION = 5.0;
			};
			name = Debug;
		};
		291D97B625F0B928006E1B8D /* Release */ = {
			isa = XCBuildConfiguration;
			buildSettings = {
				CODE_SIGN_STYLE = Automatic;
				DEVELOPMENT_TEAM = 7SNPDG93FF;
				ENABLE_HARDENED_RUNTIME = YES;
				PRODUCT_NAME = "$(TARGET_NAME)";
				SWIFT_VERSION = 5.0;
			};
			name = Release;
		};
		29A2023025F2980D0071FA45 /* Debug */ = {
			isa = XCBuildConfiguration;
			buildSettings = {
				CODE_SIGN_STYLE = Automatic;
				COMBINE_HIDPI_IMAGES = YES;
				DEVELOPMENT_TEAM = 7SNPDG93FF;
				INFOPLIST_FILE = TestsComputerV2/Info.plist;
				LD_RUNPATH_SEARCH_PATHS = (
					"$(inherited)",
					"@executable_path/../Frameworks",
					"@loader_path/../Frameworks",
				);
				PRODUCT_BUNDLE_IDENTIFIER = widraugr.TestsComputerV2;
				PRODUCT_NAME = "$(TARGET_NAME)";
				SWIFT_VERSION = 5.0;
			};
			name = Debug;
		};
		29A2023125F2980D0071FA45 /* Release */ = {
			isa = XCBuildConfiguration;
			buildSettings = {
				CODE_SIGN_STYLE = Automatic;
				COMBINE_HIDPI_IMAGES = YES;
				DEVELOPMENT_TEAM = 7SNPDG93FF;
				INFOPLIST_FILE = TestsComputerV2/Info.plist;
				LD_RUNPATH_SEARCH_PATHS = (
					"$(inherited)",
					"@executable_path/../Frameworks",
					"@loader_path/../Frameworks",
				);
				PRODUCT_BUNDLE_IDENTIFIER = widraugr.TestsComputerV2;
				PRODUCT_NAME = "$(TARGET_NAME)";
				SWIFT_VERSION = 5.0;
			};
			name = Release;
		};
/* End XCBuildConfiguration section */

/* Begin XCConfigurationList section */
		291D97A825F0B928006E1B8D /* Build configuration list for PBXProject "ComputerV2" */ = {
			isa = XCConfigurationList;
			buildConfigurations = (
				291D97B225F0B928006E1B8D /* Debug */,
				291D97B325F0B928006E1B8D /* Release */,
			);
			defaultConfigurationIsVisible = 0;
			defaultConfigurationName = Release;
		};
		291D97B425F0B928006E1B8D /* Build configuration list for PBXNativeTarget "ComputerV2" */ = {
			isa = XCConfigurationList;
			buildConfigurations = (
				291D97B525F0B928006E1B8D /* Debug */,
				291D97B625F0B928006E1B8D /* Release */,
			);
			defaultConfigurationIsVisible = 0;
			defaultConfigurationName = Release;
		};
		29A2022F25F2980D0071FA45 /* Build configuration list for PBXNativeTarget "TestsComputerV2" */ = {
			isa = XCConfigurationList;
			buildConfigurations = (
				29A2023025F2980D0071FA45 /* Debug */,
				29A2023125F2980D0071FA45 /* Release */,
			);
			defaultConfigurationIsVisible = 0;
			defaultConfigurationName = Release;
		};
/* End XCConfigurationList section */
	};
	rootObject = 291D97A525F0B928006E1B8D /* Project object */;
}
